{
    "_readme": [
        "This file locks the dependencies of your project to a known state",
        "Read more about it at https://getcomposer.org/doc/01-basic-usage.md#installing-dependencies",
        "This file is @generated automatically"
    ],
    "content-hash": "6ed65866fe5d38af3629b63b33ee3d47",
    "packages": [
        {
            "name": "rsthn/rose-core",
            "version": "v4.1.1",
            "source": {
                "type": "git",
                "url": "https://github.com/rsthn/rose-core.git",
                "reference": "cfc46172b430bd635117ece37a9b9e1abefcd4cb"
            },
            "dist": {
                "type": "zip",
                "url": "https://api.github.com/repos/rsthn/rose-core/zipball/cfc46172b430bd635117ece37a9b9e1abefcd4cb",
                "reference": "cfc46172b430bd635117ece37a9b9e1abefcd4cb",
                "shasum": ""
            },
            "require": {
                "php": "^8"
            },
            "type": "library",
            "autoload": {
                "psr-4": {
                    "Rose\\": "src"
                }
            },
            "notification-url": "https://packagist.org/downloads/",
            "license": [
                "Apache-2.0"
            ],
            "authors": [
                {
                    "name": "Jonathan Palencia",
                    "email": "strikeone88@rsthn.com",
                    "role": "Developer"
                }
            ],
            "description": "Rose Framework - Core",
            "homepage": "https://github.com/rsthn/rose-core",
            "support": {
                "issues": "https://github.com/rsthn/rose-core/issues",
                "source": "https://github.com/rsthn/rose-core/tree/v4.1.1"
            },
            "time": "2023-11-15T20:11:10+00:00"
        },
        {
            "name": "rsthn/rose-ext-sentinel",
            "version": "1.0.38",
            "source": {
                "type": "git",
                "url": "https://github.com/rsthn/rose-ext-sentinel.git",
                "reference": "de9e22ff48f2c948f00303c8e5d0e43b6ec17ef2"
            },
            "dist": {
                "type": "zip",
                "url": "https://api.github.com/repos/rsthn/rose-ext-sentinel/zipball/de9e22ff48f2c948f00303c8e5d0e43b6ec17ef2",
                "reference": "de9e22ff48f2c948f00303c8e5d0e43b6ec17ef2",
                "shasum": ""
            },
            "require": {
                "rsthn/rose-extension-installer": "*"
            },
            "type": "rose-extension",
            "extra": {
                "rose-ext-identifier": "Sentinel"
            },
            "autoload": {
                "psr-4": {
                    "Rose\\Ext\\Sentinel\\": "."
                }
            },
            "notification-url": "https://packagist.org/downloads/",
            "license": [
                "Apache-2.0"
            ],
            "authors": [
                {
                    "name": "Jonathan Palencia",
                    "email": "strikeone88@rsthn.com"
                }
            ],
            "description": "Sentinel Authentication Extension",
            "support": {
                "issues": "https://github.com/rsthn/rose-ext-sentinel/issues",
                "source": "https://github.com/rsthn/rose-ext-sentinel/tree/v1.0.38"
            },
            "time": "2023-09-14T05:27:28+00:00"
        },
        {
            "name": "rsthn/rose-ext-shield",
            "version": "1.0.35",
            "source": {
                "type": "git",
                "url": "https://github.com/rsthn/rose-ext-shield.git",
                "reference": "5f70926b5e2f52cde25b4a602a6955a3ae37c14e"
            },
            "dist": {
                "type": "zip",
                "url": "https://api.github.com/repos/rsthn/rose-ext-shield/zipball/5f70926b5e2f52cde25b4a602a6955a3ae37c14e",
                "reference": "5f70926b5e2f52cde25b4a602a6955a3ae37c14e",
                "shasum": ""
            },
            "require": {
                "rsthn/rose-core": "^4.0.41",
                "rsthn/rose-extension-installer": "*"
            },
            "type": "rose-extension",
            "extra": {
                "rose-ext-identifier": "Shield"
            },
            "autoload": {
                "psr-4": {
                    "Rose\\Ext\\Shield\\": "."
                }
            },
            "notification-url": "https://packagist.org/downloads/",
            "license": [
                "Apache-2.0"
            ],
            "authors": [
                {
                    "name": "Jonathan Palencia",
                    "email": "strikeone88@rsthn.com"
                }
            ],
            "description": "Shield Validation Extension",
            "support": {
                "issues": "https://github.com/rsthn/rose-ext-shield/issues",
                "source": "https://github.com/rsthn/rose-ext-shield/tree/v1.0.35"
            },
            "time": "2023-08-28T15:30:19+00:00"
        },
        {
            "name": "rsthn/rose-extension-installer",
            "version": "1.0.11",
            "source": {
                "type": "git",
                "url": "https://github.com/rsthn/rose-extension-installer.git",
                "reference": "2d90c13cf506ccb8772432bbda9fe0e82bb9957f"
            },
            "dist": {
                "type": "zip",
                "url": "https://api.github.com/repos/rsthn/rose-extension-installer/zipball/2d90c13cf506ccb8772432bbda9fe0e82bb9957f",
                "reference": "2d90c13cf506ccb8772432bbda9fe0e82bb9957f",
                "shasum": ""
            },
            "require": {
                "composer-plugin-api": "^2.0"
            },
            "require-dev": {
                "composer/composer": "^1.3"
            },
            "type": "composer-plugin",
            "extra": {
                "class": "Rose\\Composer\\ExtensionInstallerPlugin"
            },
            "autoload": {
                "psr-4": {
                    "Rose\\Composer\\": "src"
                }
            },
            "notification-url": "https://packagist.org/downloads/",
            "license": [
                "Apache-2.0"
            ],
            "authors": [
                {
                    "name": "Jonathan Palencia",
                    "email": "strikeone88@rsthn.com",
                    "role": "Developer"
                }
            ],
            "description": "Rose Framework - Extension Installer",
            "homepage": "https://github.com/rsthn/rose-extension-installer",
            "support": {
                "issues": "https://github.com/rsthn/rose-extension-installer/issues",
                "source": "https://github.com/rsthn/rose-extension-installer/tree/v1.0.11"
            },
            "time": "2022-01-18T08:04:40+00:00"
        }
    ],
    "packages-dev": [],
    "aliases": [],
    "minimum-stability": "stable",
    "stability-flags": [],
    "prefer-stable": false,
    "prefer-lowest": false,
    "platform": [],
    "platform-dev": [],
    "plugin-api-version": "2.2.0"
}
